
Microsoft Visual Studio Solution File, Format Version 12.00
# Visual Studio Version 17
VisualStudioVersion = 17.3.32901.215
MinimumVisualStudioVersion = 10.0.40219.1
Project("{FAE04EC0-301F-11D3-BF4B-00C04F79EFBC}") = "DependencyInject.Example1", "DependencyInject.Example1\DependencyInject.Example1.csproj", "{99D28AEB-257E-4B5D-B943-77691677D52A}"
EndProject
Global
	GlobalSection(SolutionConfigurationPlatforms) = preSolution
		Debug|Any CPU = Debug|Any CPU
		Release|Any CPU = Release|Any CPU
	EndGlobalSection
	GlobalSection(ProjectConfigurationPlatforms) = postSolution
		{99D28AEB-257E-4B5D-B943-77691677D52A}.Debug|Any CPU.ActiveCfg = Debug|Any CPU
		{99D28AEB-257E-4B5D-B943-77691677D52A}.Debug|Any CPU.Build.0 = Debug|Any CPU
		{99D28AEB-257E-4B5D-B943-77691677D52A}.Release|Any CPU.ActiveCfg = Release|Any CPU
		{99D28AEB-257E-4B5D-B943-77691677D52A}.Release|Any CPU.Build.0 = Release|Any CPU
	EndGlobalSection
	GlobalSection(SolutionProperties) = preSolution
		HideSolutionNode = FALSE
	EndGlobalSection
	GlobalSection(ExtensibilityGlobals) = postSolution
		SolutionGuid = {C05D67A2-00E2-4775-90A7-2D9E32BB0B2D}
	EndGlobalSection
EndGlobal
